version = 1
revision = 3
requires-python = ">=3.11"

[[package]]
name = "musician-worker"
version = "0.1.0"
source = { editable = "../../../workers/shim" }

[[package]]
name = "musician-worker-echo"
version = "0.1.0"
source = { virtual = "." }
dependencies = [
    { name = "musician-worker" },
]

[package.metadata]
requires-dist = [{ name = "musician-worker", editable = "../../../workers/shim" }]
