version = 1
revision = 3
requires-python = ">=3.11"

[[package]]
name = "decomposable-worker"
version = "0.1.0"
source = { editable = "../../../workers/shim" }

[[package]]
name = "decomposable-worker-echo"
version = "0.1.0"
source = { virtual = "." }
dependencies = [
    { name = "decomposable-worker" },
]

[package.metadata]
requires-dist = [{ name = "decomposable-worker", editable = "../../../workers/shim" }]
